
Microsoft Visual Studio Solution File, Format Version 12.00
# Visual Studio Version 17
VisualStudioVersion = 17.5.002.0
MinimumVisualStudioVersion = 10.0.40219.1
Project("{9A19103F-16F7-4668-BE54-9A1E7A4F7556}") = "PlatformService", "PlatformService.csproj", "{430A822D-DB4D-457A-8C3D-AF8E92677A47}"
EndProject
Global
	GlobalSection(SolutionConfigurationPlatforms) = preSolution
		Debug|Any CPU = Debug|Any CPU
		Release|Any CPU = Release|Any CPU
	EndGlobalSection
	GlobalSection(ProjectConfigurationPlatforms) = postSolution
		{430A822D-DB4D-457A-8C3D-AF8E92677A47}.Debug|Any CPU.ActiveCfg = Debug|Any CPU
		{430A822D-DB4D-457A-8C3D-AF8E92677A47}.Debug|Any CPU.Build.0 = Debug|Any CPU
		{430A822D-DB4D-457A-8C3D-AF8E92677A47}.Release|Any CPU.ActiveCfg = Release|Any CPU
		{430A822D-DB4D-457A-8C3D-AF8E92677A47}.Release|Any CPU.Build.0 = Release|Any CPU
	EndGlobalSection
	GlobalSection(SolutionProperties) = preSolution
		HideSolutionNode = FALSE
	EndGlobalSection
	GlobalSection(ExtensibilityGlobals) = postSolution
		SolutionGuid = {7C96989B-FA68-4029-87E1-518DB9C703E3}
	EndGlobalSection
EndGlobal
